// !$*UTF8*$!
{
	archiveVersion = 1;
	classes = {
	};
	objectVersion = 46;
	objects = {

/* Begin PBXBuildFile section */
		1B367939DEFE195234CCA359 /* libPods.a in Frameworks */ = {isa = PBXBuildFile; fileRef = E94BB00877DC7EEFAA204075 /* libPods.a */; };
		3818F6311B534AF1009D0B0E /* main.m in Sources */ = {isa = PBXBuildFile; fileRef = 3818F6301B534AF1009D0B0E /* main.m */; };
		3818F6341B534AF1009D0B0E /* AppDelegate.m in Sources */ = {isa = PBXBuildFile; fileRef = 3818F6331B534AF1009D0B0E /* AppDelegate.m */; };
		3818F6371B534AF1009D0B0E /* ViewController.m in Sources */ = {isa = PBXBuildFile; fileRef = 3818F6361B534AF1009D0B0E /* ViewController.m */; };
		3818F63A1B534AF1009D0B0E /* Main.storyboard in Resources */ = {isa = PBXBuildFile; fileRef = 3818F6381B534AF1009D0B0E /* Main.storyboard */; };
		3818F63C1B534AF1009D0B0E /* Images.xcassets in Resources */ = {isa = PBXBuildFile; fileRef = 3818F63B1B534AF1009D0B0E /* Images.xcassets */; };
		3818F63F1B534AF1009D0B0E /* LaunchScreen.xib in Resources */ = {isa = PBXBuildFile; fileRef = 3818F63D1B534AF1009D0B0E /* LaunchScreen.xib */; };
		3818F64B1B534AF1009D0B0E /* SDMasonryLearningTests.m in Sources */ = {isa = PBXBuildFile; fileRef = 3818F64A1B534AF1009D0B0E /* SDMasonryLearningTests.m */; };
		3818F65C1B535130009D0B0E /* MASExampleLayoutGuideViewController.m in Sources */ = {isa = PBXBuildFile; fileRef = 3818F6571B535130009D0B0E /* MASExampleLayoutGuideViewController.m */; };
		3818F65D1B535130009D0B0E /* MASExampleListViewController.m in Sources */ = {isa = PBXBuildFile; fileRef = 3818F6591B535130009D0B0E /* MASExampleListViewController.m */; };
		3818F65E1B535130009D0B0E /* MASExampleViewController.m in Sources */ = {isa = PBXBuildFile; fileRef = 3818F65B1B535130009D0B0E /* MASExampleViewController.m */; };
		3818F6621B53525B009D0B0E /* MASExampleBasicView.m in Sources */ = {isa = PBXBuildFile; fileRef = 3818F6611B53525B009D0B0E /* MASExampleBasicView.m */; };
		3818F6651B535CCA009D0B0E /* MASExampleConstantsView.m in Sources */ = {isa = PBXBuildFile; fileRef = 3818F6641B535CCA009D0B0E /* MASExampleConstantsView.m */; };
		38ABB69B1B55F03A00206DC3 /* MASExampleAspectFitView.m in Sources */ = {isa = PBXBuildFile; fileRef = 38ABB69A1B55F03A00206DC3 /* MASExampleAspectFitView.m */; };
		38ABB69E1B55FB3900206DC3 /* MASExampleScrollView.m in Sources */ = {isa = PBXBuildFile; fileRef = 38ABB69D1B55FB3900206DC3 /* MASExampleScrollView.m */; };
		38C968841B549D8000ACD53D /* MASExampleUpdateView.m in Sources */ = {isa = PBXBuildFile; fileRef = 38C968831B549D8000ACD53D /* MASExampleUpdateView.m */; };
		38C968871B54A1EB00ACD53D /* MASExampleRemakeView.m in Sources */ = {isa = PBXBuildFile; fileRef = 38C968861B54A1EA00ACD53D /* MASExampleRemakeView.m */; };
		38C9688A1B54A4DD00ACD53D /* MASExampleAttributeChainingView.m in Sources */ = {isa = PBXBuildFile; fileRef = 38C968891B54A4DD00ACD53D /* MASExampleAttributeChainingView.m */; };
		38C9688D1B54A9A400ACD53D /* MASExampleArrayView.m in Sources */ = {isa = PBXBuildFile; fileRef = 38C9688C1B54A9A400ACD53D /* MASExampleArrayView.m */; };
/* End PBXBuildFile section */

/* Begin PBXContainerItemProxy section */
		3818F6451B534AF1009D0B0E /* PBXContainerItemProxy */ = {
			isa = PBXContainerItemProxy;
			containerPortal = 3818F6231B534AF1009D0B0E /* Project object */;
			proxyType = 1;
			remoteGlobalIDString = 3818F62A1B534AF1009D0B0E;
			remoteInfo = SDMasonryLearning;
		};
/* End PBXContainerItemProxy section */

/* Begin PBXFileReference section */
		3818F62B1B534AF1009D0B0E /* SDMasonryLearning.app */ = {isa = PBXFileReference; explicitFileType = wrapper.application; includeInIndex = 0; path = SDMasonryLearning.app; sourceTree = BUILT_PRODUCTS_DIR; };
		3818F62F1B534AF1009D0B0E /* Info.plist */ = {isa = PBXFileReference; lastKnownFileType = text.plist.xml; path = Info.plist; sourceTree = "<group>"; };
		3818F6301B534AF1009D0B0E /* main.m */ = {isa = PBXFileReference; lastKnownFileType = sourcecode.c.objc; path = main.m; sourceTree = "<group>"; };
		3818F6321B534AF1009D0B0E /* AppDelegate.h */ = {isa = PBXFileReference; lastKnownFileType = sourcecode.c.h; path = AppDelegate.h; sourceTree = "<group>"; };
		3818F6331B534AF1009D0B0E /* AppDelegate.m */ = {isa = PBXFileReference; lastKnownFileType = sourcecode.c.objc; path = AppDelegate.m; sourceTree = "<group>"; };
		3818F6351B534AF1009D0B0E /* ViewController.h */ = {isa = PBXFileReference; lastKnownFileType = sourcecode.c.h; path = ViewController.h; sourceTree = "<group>"; };
		3818F6361B534AF1009D0B0E /* ViewController.m */ = {isa = PBXFileReference; lastKnownFileType = sourcecode.c.objc; path = ViewController.m; sourceTree = "<group>"; };
		3818F6391B534AF1009D0B0E /* Base */ = {isa = PBXFileReference; lastKnownFileType = file.storyboard; name = Base; path = Base.lproj/Main.storyboard; sourceTree = "<group>"; };
		3818F63B1B534AF1009D0B0E /* Images.xcassets */ = {isa = PBXFileReference; lastKnownFileType = folder.assetcatalog; path = Images.xcassets; sourceTree = "<group>"; };
		3818F63E1B534AF1009D0B0E /* Base */ = {isa = PBXFileReference; lastKnownFileType = file.xib; name = Base; path = Base.lproj/LaunchScreen.xib; sourceTree = "<group>"; };
		3818F6441B534AF1009D0B0E /* SDMasonryLearningTests.xctest */ = {isa = PBXFileReference; explicitFileType = wrapper.cfbundle; includeInIndex = 0; path = SDMasonryLearningTests.xctest; sourceTree = BUILT_PRODUCTS_DIR; };
		3818F6491B534AF1009D0B0E /* Info.plist */ = {isa = PBXFileReference; lastKnownFileType = text.plist.xml; path = Info.plist; sourceTree = "<group>"; };
		3818F64A1B534AF1009D0B0E /* SDMasonryLearningTests.m */ = {isa = PBXFileReference; lastKnownFileType = sourcecode.c.objc; path = SDMasonryLearningTests.m; sourceTree = "<group>"; };
		3818F6541B534C47009D0B0E /* Prefix.pch */ = {isa = PBXFileReference; fileEncoding = 4; lastKnownFileType = sourcecode.c.h; path = Prefix.pch; sourceTree = "<group>"; };
		3818F6561B535130009D0B0E /* MASExampleLayoutGuideViewController.h */ = {isa = PBXFileReference; fileEncoding = 4; lastKnownFileType = sourcecode.c.h; path = MASExampleLayoutGuideViewController.h; sourceTree = "<group>"; };
		3818F6571B535130009D0B0E /* MASExampleLayoutGuideViewController.m */ = {isa = PBXFileReference; fileEncoding = 4; lastKnownFileType = sourcecode.c.objc; path = MASExampleLayoutGuideViewController.m; sourceTree = "<group>"; };
		3818F6581B535130009D0B0E /* MASExampleListViewController.h */ = {isa = PBXFileReference; fileEncoding = 4; lastKnownFileType = sourcecode.c.h; path = MASExampleListViewController.h; sourceTree = "<group>"; };
		3818F6591B535130009D0B0E /* MASExampleListViewController.m */ = {isa = PBXFileReference; fileEncoding = 4; lastKnownFileType = sourcecode.c.objc; path = MASExampleListViewController.m; sourceTree = "<group>"; };
		3818F65A1B535130009D0B0E /* MASExampleViewController.h */ = {isa = PBXFileReference; fileEncoding = 4; lastKnownFileType = sourcecode.c.h; path = MASExampleViewController.h; sourceTree = "<group>"; };
		3818F65B1B535130009D0B0E /* MASExampleViewController.m */ = {isa = PBXFileReference; fileEncoding = 4; lastKnownFileType = sourcecode.c.objc; path = MASExampleViewController.m; sourceTree = "<group>"; };
		3818F6601B53525B009D0B0E /* MASExampleBasicView.h */ = {isa = PBXFileReference; fileEncoding = 4; lastKnownFileType = sourcecode.c.h; path = MASExampleBasicView.h; sourceTree = "<group>"; };
		3818F6611B53525B009D0B0E /* MASExampleBasicView.m */ = {isa = PBXFileReference; fileEncoding = 4; lastKnownFileType = sourcecode.c.objc; path = MASExampleBasicView.m; sourceTree = "<group>"; };
		3818F6631B535CCA009D0B0E /* MASExampleConstantsView.h */ = {isa = PBXFileReference; fileEncoding = 4; lastKnownFileType = sourcecode.c.h; path = MASExampleConstantsView.h; sourceTree = "<group>"; };
		3818F6641B535CCA009D0B0E /* MASExampleConstantsView.m */ = {isa = PBXFileReference; fileEncoding = 4; lastKnownFileType = sourcecode.c.objc; path = MASExampleConstantsView.m; sourceTree = "<group>"; };
		38ABB6991B55F03A00206DC3 /* MASExampleAspectFitView.h */ = {isa = PBXFileReference; fileEncoding = 4; lastKnownFileType = sourcecode.c.h; path = MASExampleAspectFitView.h; sourceTree = "<group>"; };
		38ABB69A1B55F03A00206DC3 /* MASExampleAspectFitView.m */ = {isa = PBXFileReference; fileEncoding = 4; lastKnownFileType = sourcecode.c.objc; path = MASExampleAspectFitView.m; sourceTree = "<group>"; };
		38ABB69C1B55FB3900206DC3 /* MASExampleScrollView.h */ = {isa = PBXFileReference; fileEncoding = 4; lastKnownFileType = sourcecode.c.h; path = MASExampleScrollView.h; sourceTree = "<group>"; };
		38ABB69D1B55FB3900206DC3 /* MASExampleScrollView.m */ = {isa = PBXFileReference; fileEncoding = 4; lastKnownFileType = sourcecode.c.objc; path = MASExampleScrollView.m; sourceTree = "<group>"; };
		38C968821B549D8000ACD53D /* MASExampleUpdateView.h */ = {isa = PBXFileReference; fileEncoding = 4; lastKnownFileType = sourcecode.c.h; path = MASExampleUpdateView.h; sourceTree = "<group>"; };
		38C968831B549D8000ACD53D /* MASExampleUpdateView.m */ = {isa = PBXFileReference; fileEncoding = 4; lastKnownFileType = sourcecode.c.objc; path = MASExampleUpdateView.m; sourceTree = "<group>"; };
		38C968851B54A1EA00ACD53D /* MASExampleRemakeView.h */ = {isa = PBXFileReference; fileEncoding = 4; lastKnownFileType = sourcecode.c.h; path = MASExampleRemakeView.h; sourceTree = "<group>"; };
		38C968861B54A1EA00ACD53D /* MASExampleRemakeView.m */ = {isa = PBXFileReference; fileEncoding = 4; lastKnownFileType = sourcecode.c.objc; path = MASExampleRemakeView.m; sourceTree = "<group>"; };
		38C968881B54A4DD00ACD53D /* MASExampleAttributeChainingView.h */ = {isa = PBXFileReference; fileEncoding = 4; lastKnownFileType = sourcecode.c.h; path = MASExampleAttributeChainingView.h; sourceTree = "<group>"; };
		38C968891B54A4DD00ACD53D /* MASExampleAttributeChainingView.m */ = {isa = PBXFileReference; fileEncoding = 4; lastKnownFileType = sourcecode.c.objc; path = MASExampleAttributeChainingView.m; sourceTree = "<group>"; };
		38C9688B1B54A9A400ACD53D /* MASExampleArrayView.h */ = {isa = PBXFileReference; fileEncoding = 4; lastKnownFileType = sourcecode.c.h; path = MASExampleArrayView.h; sourceTree = "<group>"; };
		38C9688C1B54A9A400ACD53D /* MASExampleArrayView.m */ = {isa = PBXFileReference; fileEncoding = 4; lastKnownFileType = sourcecode.c.objc; path = MASExampleArrayView.m; sourceTree = "<group>"; };
		5090974C686BA7A2705839DB /* Pods.release.xcconfig */ = {isa = PBXFileReference; includeInIndex = 1; lastKnownFileType = text.xcconfig; name = Pods.release.xcconfig; path = "Pods/Target Support Files/Pods/Pods.release.xcconfig"; sourceTree = "<group>"; };
		E94BB00877DC7EEFAA204075 /* libPods.a */ = {isa = PBXFileReference; explicitFileType = archive.ar; includeInIndex = 0; path = libPods.a; sourceTree = BUILT_PRODUCTS_DIR; };
		EC0E19759D9EE0BC058A32D1 /* Pods.debug.xcconfig */ = {isa = PBXFileReference; includeInIndex = 1; lastKnownFileType = text.xcconfig; name = Pods.debug.xcconfig; path = "Pods/Target Support Files/Pods/Pods.debug.xcconfig"; sourceTree = "<group>"; };
/* End PBXFileReference section */

/* Begin PBXFrameworksBuildPhase section */
		3818F6281B534AF1009D0B0E /* Frameworks */ = {
			isa = PBXFrameworksBuildPhase;
			buildActionMask = 2147483647;
			files = (
				1B367939DEFE195234CCA359 /* libPods.a in Frameworks */,
			);
			runOnlyForDeploymentPostprocessing = 0;
		};
		3818F6411B534AF1009D0B0E /* Frameworks */ = {
			isa = PBXFrameworksBuildPhase;
			buildActionMask = 2147483647;
			files = (
			);
			runOnlyForDeploymentPostprocessing = 0;
		};
/* End PBXFrameworksBuildPhase section */

/* Begin PBXGroup section */
		2DDBCD30B3C553E79DE983A8 /* Frameworks */ = {
			isa = PBXGroup;
			children = (
				E94BB00877DC7EEFAA204075 /* libPods.a */,
			);
			name = Frameworks;
			sourceTree = "<group>";
		};
		3818F6221B534AF1009D0B0E = {
			isa = PBXGroup;
			children = (
				3818F62D1B534AF1009D0B0E /* SDMasonryLearning */,
				3818F6471B534AF1009D0B0E /* SDMasonryLearningTests */,
				3818F62C1B534AF1009D0B0E /* Products */,
				D557E36811ECEC3952F0BBA3 /* Pods */,
				2DDBCD30B3C553E79DE983A8 /* Frameworks */,
			);
			sourceTree = "<group>";
		};
		3818F62C1B534AF1009D0B0E /* Products */ = {
			isa = PBXGroup;
			children = (
				3818F62B1B534AF1009D0B0E /* SDMasonryLearning.app */,
				3818F6441B534AF1009D0B0E /* SDMasonryLearningTests.xctest */,
			);
			name = Products;
			sourceTree = "<group>";
		};
		3818F62D1B534AF1009D0B0E /* SDMasonryLearning */ = {
			isa = PBXGroup;
			children = (
				3818F65F1B535139009D0B0E /* Views */,
				3818F6551B535130009D0B0E /* Controllers */,
				3818F6321B534AF1009D0B0E /* AppDelegate.h */,
				3818F6331B534AF1009D0B0E /* AppDelegate.m */,
				3818F6351B534AF1009D0B0E /* ViewController.h */,
				3818F6361B534AF1009D0B0E /* ViewController.m */,
				3818F6381B534AF1009D0B0E /* Main.storyboard */,
				3818F63B1B534AF1009D0B0E /* Images.xcassets */,
				3818F63D1B534AF1009D0B0E /* LaunchScreen.xib */,
				3818F62E1B534AF1009D0B0E /* Supporting Files */,
			);
			path = SDMasonryLearning;
			sourceTree = "<group>";
		};
		3818F62E1B534AF1009D0B0E /* Supporting Files */ = {
			isa = PBXGroup;
			children = (
				3818F62F1B534AF1009D0B0E /* Info.plist */,
				3818F6301B534AF1009D0B0E /* main.m */,
				3818F6541B534C47009D0B0E /* Prefix.pch */,
			);
			name = "Supporting Files";
			sourceTree = "<group>";
		};
		3818F6471B534AF1009D0B0E /* SDMasonryLearningTests */ = {
			isa = PBXGroup;
			children = (
				3818F64A1B534AF1009D0B0E /* SDMasonryLearningTests.m */,
				3818F6481B534AF1009D0B0E /* Supporting Files */,
			);
			path = SDMasonryLearningTests;
			sourceTree = "<group>";
		};
		3818F6481B534AF1009D0B0E /* Supporting Files */ = {
			isa = PBXGroup;
			children = (
				3818F6491B534AF1009D0B0E /* Info.plist */,
			);
			name = "Supporting Files";
			sourceTree = "<group>";
		};
		3818F6551B535130009D0B0E /* Controllers */ = {
			isa = PBXGroup;
			children = (
				3818F6561B535130009D0B0E /* MASExampleLayoutGuideViewController.h */,
				3818F6571B535130009D0B0E /* MASExampleLayoutGuideViewController.m */,
				3818F6581B535130009D0B0E /* MASExampleListViewController.h */,
				3818F6591B535130009D0B0E /* MASExampleListViewController.m */,
				3818F65A1B535130009D0B0E /* MASExampleViewController.h */,
				3818F65B1B535130009D0B0E /* MASExampleViewController.m */,
			);
			path = Controllers;
			sourceTree = "<group>";
		};
		3818F65F1B535139009D0B0E /* Views */ = {
			isa = PBXGroup;
			children = (
				3818F6601B53525B009D0B0E /* MASExampleBasicView.h */,
				3818F6611B53525B009D0B0E /* MASExampleBasicView.m */,
				3818F6631B535CCA009D0B0E /* MASExampleConstantsView.h */,
				3818F6641B535CCA009D0B0E /* MASExampleConstantsView.m */,
				38C968821B549D8000ACD53D /* MASExampleUpdateView.h */,
				38C968831B549D8000ACD53D /* MASExampleUpdateView.m */,
				38C968851B54A1EA00ACD53D /* MASExampleRemakeView.h */,
				38C968861B54A1EA00ACD53D /* MASExampleRemakeView.m */,
				38C968881B54A4DD00ACD53D /* MASExampleAttributeChainingView.h */,
				38C968891B54A4DD00ACD53D /* MASExampleAttributeChainingView.m */,
				38C9688B1B54A9A400ACD53D /* MASExampleArrayView.h */,
				38C9688C1B54A9A400ACD53D /* MASExampleArrayView.m */,
				38ABB6991B55F03A00206DC3 /* MASExampleAspectFitView.h */,
				38ABB69A1B55F03A00206DC3 /* MASExampleAspectFitView.m */,
				38ABB69C1B55FB3900206DC3 /* MASExampleScrollView.h */,
				38ABB69D1B55FB3900206DC3 /* MASExampleScrollView.m */,
			);
			path = Views;
			sourceTree = "<group>";
		};
		D557E36811ECEC3952F0BBA3 /* Pods */ = {
			isa = PBXGroup;
			children = (
				EC0E19759D9EE0BC058A32D1 /* Pods.debug.xcconfig */,
				5090974C686BA7A2705839DB /* Pods.release.xcconfig */,
			);
			name = Pods;
			sourceTree = "<group>";
		};
/* End PBXGroup section */

/* Begin PBXNativeTarget section */
		3818F62A1B534AF1009D0B0E /* SDMasonryLearning */ = {
			isa = PBXNativeTarget;
			buildConfigurationList = 3818F64E1B534AF1009D0B0E /* Build configuration list for PBXNativeTarget "SDMasonryLearning" */;
			buildPhases = (
				2773844FEE1D1F9CDCECFE4B /* Check Pods Manifest.lock */,
				3818F6271B534AF1009D0B0E /* Sources */,
				3818F6281B534AF1009D0B0E /* Frameworks */,
				3818F6291B534AF1009D0B0E /* Resources */,
				1EB05FE31336972E8C82F60F /* Copy Pods Resources */,
			);
			buildRules = (
			);
			dependencies = (
			);
			name = SDMasonryLearning;
			productName = SDMasonryLearning;
			productReference = 3818F62B1B534AF1009D0B0E /* SDMasonryLearning.app */;
			productType = "com.apple.product-type.application";
		};
		3818F6431B534AF1009D0B0E /* SDMasonryLearningTests */ = {
			isa = PBXNativeTarget;
			buildConfigurationList = 3818F6511B534AF1009D0B0E /* Build configuration list for PBXNativeTarget "SDMasonryLearningTests" */;
			buildPhases = (
				3818F6401B534AF1009D0B0E /* Sources */,
				3818F6411B534AF1009D0B0E /* Frameworks */,
				3818F6421B534AF1009D0B0E /* Resources */,
			);
			buildRules = (
			);
			dependencies = (
				3818F6461B534AF1009D0B0E /* PBXTargetDependency */,
			);
			name = SDMasonryLearningTests;
			productName = SDMasonryLearningTests;
			productReference = 3818F6441B534AF1009D0B0E /* SDMasonryLearningTests.xctest */;
			productType = "com.apple.product-type.bundle.unit-test";
		};
/* End PBXNativeTarget section */

/* Begin PBXProject section */
		3818F6231B534AF1009D0B0E /* Project object */ = {
			isa = PBXProject;
			attributes = {
				LastUpgradeCheck = 0640;
				ORGANIZATIONNAME = ssdd;
				TargetAttributes = {
					3818F62A1B534AF1009D0B0E = {
						CreatedOnToolsVersion = 6.4;
					};
					3818F6431B534AF1009D0B0E = {
						CreatedOnToolsVersion = 6.4;
						TestTargetID = 3818F62A1B534AF1009D0B0E;
					};
				};
			};
			buildConfigurationList = 3818F6261B534AF1009D0B0E /* Build configuration list for PBXProject "SDMasonryLearning" */;
			compatibilityVersion = "Xcode 3.2";
			developmentRegion = English;
			hasScannedForEncodings = 0;
			knownRegions = (
				en,
				Base,
			);
			mainGroup = 3818F6221B534AF1009D0B0E;
			productRefGroup = 3818F62C1B534AF1009D0B0E /* Products */;
			projectDirPath = "";
			projectRoot = "";
			targets = (
				3818F62A1B534AF1009D0B0E /* SDMasonryLearning */,
				3818F6431B534AF1009D0B0E /* SDMasonryLearningTests */,
			);
		};
/* End PBXProject section */

/* Begin PBXResourcesBuildPhase section */
		3818F6291B534AF1009D0B0E /* Resources */ = {
			isa = PBXResourcesBuildPhase;
			buildActionMask = 2147483647;
			files = (
				3818F63A1B534AF1009D0B0E /* Main.storyboard in Resources */,
				3818F63F1B534AF1009D0B0E /* LaunchScreen.xib in Resources */,
				3818F63C1B534AF1009D0B0E /* Images.xcassets in Resources */,
			);
			runOnlyForDeploymentPostprocessing = 0;
		};
		3818F6421B534AF1009D0B0E /* Resources */ = {
			isa = PBXResourcesBuildPhase;
			buildActionMask = 2147483647;
			files = (
			);
			runOnlyForDeploymentPostprocessing = 0;
		};
/* End PBXResourcesBuildPhase section */

/* Begin PBXShellScriptBuildPhase section */
		1EB05FE31336972E8C82F60F /* Copy Pods Resources */ = {
			isa = PBXShellScriptBuildPhase;
			buildActionMask = 2147483647;
			files = (
			);
			inputPaths = (
			);
			name = "Copy Pods Resources";
			outputPaths = (
			);
			runOnlyForDeploymentPostprocessing = 0;
			shellPath = /bin/sh;
			shellScript = "\"${SRCROOT}/Pods/Target Support Files/Pods/Pods-resources.sh\"\n";
			showEnvVarsInLog = 0;
		};
		2773844FEE1D1F9CDCECFE4B /* Check Pods Manifest.lock */ = {
			isa = PBXShellScriptBuildPhase;
			buildActionMask = 2147483647;
			files = (
			);
			inputPaths = (
			);
			name = "Check Pods Manifest.lock";
			outputPaths = (
			);
			runOnlyForDeploymentPostprocessing = 0;
			shellPath = /bin/sh;
			shellScript = "diff \"${PODS_ROOT}/../Podfile.lock\" \"${PODS_ROOT}/Manifest.lock\" > /dev/null\nif [[ $? != 0 ]] ; then\n    cat << EOM\nerror: The sandbox is not in sync with the Podfile.lock. Run 'pod install' or update your CocoaPods installation.\nEOM\n    exit 1\nfi\n";
			showEnvVarsInLog = 0;
		};
/* End PBXShellScriptBuildPhase section */

/* Begin PBXSourcesBuildPhase section */
		3818F6271B534AF1009D0B0E /* Sources */ = {
			isa = PBXSourcesBuildPhase;
			buildActionMask = 2147483647;
			files = (
				38ABB69E1B55FB3900206DC3 /* MASExampleScrollView.m in Sources */,
				38C968841B549D8000ACD53D /* MASExampleUpdateView.m in Sources */,
				3818F65C1B535130009D0B0E /* MASExampleLayoutGuideViewController.m in Sources */,
				38C968871B54A1EB00ACD53D /* MASExampleRemakeView.m in Sources */,
				38ABB69B1B55F03A00206DC3 /* MASExampleAspectFitView.m in Sources */,
				3818F6651B535CCA009D0B0E /* MASExampleConstantsView.m in Sources */,
				38C9688A1B54A4DD00ACD53D /* MASExampleAttributeChainingView.m in Sources */,
				3818F6621B53525B009D0B0E /* MASExampleBasicView.m in Sources */,
				3818F65E1B535130009D0B0E /* MASExampleViewController.m in Sources */,
				3818F6371B534AF1009D0B0E /* ViewController.m in Sources */,
				3818F6341B534AF1009D0B0E /* AppDelegate.m in Sources */,
				3818F6311B534AF1009D0B0E /* main.m in Sources */,
				3818F65D1B535130009D0B0E /* MASExampleListViewController.m in Sources */,
				38C9688D1B54A9A400ACD53D /* MASExampleArrayView.m in Sources */,
			);
			runOnlyForDeploymentPostprocessing = 0;
		};
		3818F6401B534AF1009D0B0E /* Sources */ = {
			isa = PBXSourcesBuildPhase;
			buildActionMask = 2147483647;
			files = (
				3818F64B1B534AF1009D0B0E /* SDMasonryLearningTests.m in Sources */,
			);
			runOnlyForDeploymentPostprocessing = 0;
		};
/* End PBXSourcesBuildPhase section */

/* Begin PBXTargetDependency section */
		3818F6461B534AF1009D0B0E /* PBXTargetDependency */ = {
			isa = PBXTargetDependency;
			target = 3818F62A1B534AF1009D0B0E /* SDMasonryLearning */;
			targetProxy = 3818F6451B534AF1009D0B0E /* PBXContainerItemProxy */;
		};
/* End PBXTargetDependency section */

/* Begin PBXVariantGroup section */
		3818F6381B534AF1009D0B0E /* Main.storyboard */ = {
			isa = PBXVariantGroup;
			children = (
				3818F6391B534AF1009D0B0E /* Base */,
			);
			name = Main.storyboard;
			sourceTree = "<group>";
		};
		3818F63D1B534AF1009D0B0E /* LaunchScreen.xib */ = {
			isa = PBXVariantGroup;
			children = (
				3818F63E1B534AF1009D0B0E /* Base */,
			);
			name = LaunchScreen.xib;
			sourceTree = "<group>";
		};
/* End PBXVariantGroup section */

/* Begin XCBuildConfiguration section */
		3818F64C1B534AF1009D0B0E /* Debug */ = {
			isa = XCBuildConfiguration;
			buildSettings = {
				ALWAYS_SEARCH_USER_PATHS = NO;
				CLANG_CXX_LANGUAGE_STANDARD = "gnu++0x";
				CLANG_CXX_LIBRARY = "libc++";
				CLANG_ENABLE_MODULES = YES;
				CLANG_ENABLE_OBJC_ARC = YES;
				CLANG_WARN_BOOL_CONVERSION = YES;
				CLANG_WARN_CONSTANT_CONVERSION = YES;
				CLANG_WARN_DIRECT_OBJC_ISA_USAGE = YES_ERROR;
				CLANG_WARN_EMPTY_BODY = YES;
				CLANG_WARN_ENUM_CONVERSION = YES;
				CLANG_WARN_INT_CONVERSION = YES;
				CLANG_WARN_OBJC_ROOT_CLASS = YES_ERROR;
				CLANG_WARN_UNREACHABLE_CODE = YES;
				CLANG_WARN__DUPLICATE_METHOD_MATCH = YES;
				"CODE_SIGN_IDENTITY[sdk=iphoneos*]" = "iPhone Developer";
				COPY_PHASE_STRIP = NO;
				DEBUG_INFORMATION_FORMAT = "dwarf-with-dsym";
				ENABLE_STRICT_OBJC_MSGSEND = YES;
				GCC_C_LANGUAGE_STANDARD = gnu99;
				GCC_DYNAMIC_NO_PIC = NO;
				GCC_NO_COMMON_BLOCKS = YES;
				GCC_OPTIMIZATION_LEVEL = 0;
				GCC_PREPROCESSOR_DEFINITIONS = (
					"DEBUG=1",
					"$(inherited)",
				);
				GCC_SYMBOLS_PRIVATE_EXTERN = NO;
				GCC_WARN_64_TO_32_BIT_CONVERSION = YES;
				GCC_WARN_ABOUT_RETURN_TYPE = YES_ERROR;
				GCC_WARN_UNDECLARED_SELECTOR = YES;
				GCC_WARN_UNINITIALIZED_AUTOS = YES_AGGRESSIVE;
				GCC_WARN_UNUSED_FUNCTION = YES;
				GCC_WARN_UNUSED_VARIABLE = YES;
				IPHONEOS_DEPLOYMENT_TARGET = 8.4;
				MTL_ENABLE_DEBUG_INFO = YES;
				ONLY_ACTIVE_ARCH = YES;
				SDKROOT = iphoneos;
			};
			name = Debug;
		};
		3818F64D1B534AF1009D0B0E /* Release */ = {
			isa = XCBuildConfiguration;
			buildSettings = {
				ALWAYS_SEARCH_USER_PATHS = NO;
				CLANG_CXX_LANGUAGE_STANDARD = "gnu++0x";
				CLANG_CXX_LIBRARY = "libc++";
				CLANG_ENABLE_MODULES = YES;
				CLANG_ENABLE_OBJC_ARC = YES;
				CLANG_WARN_BOOL_CONVERSION = YES;
				CLANG_WARN_CONSTANT_CONVERSION = YES;
				CLANG_WARN_DIRECT_OBJC_ISA_USAGE = YES_ERROR;
				CLANG_WARN_EMPTY_BODY = YES;
				CLANG_WARN_ENUM_CONVERSION = YES;
				CLANG_WARN_INT_CONVERSION = YES;
				CLANG_WARN_OBJC_ROOT_CLASS = YES_ERROR;
				CLANG_WARN_UNREACHABLE_CODE = YES;
				CLANG_WARN__DUPLICATE_METHOD_MATCH = YES;
				"CODE_SIGN_IDENTITY[sdk=iphoneos*]" = "iPhone Developer";
				COPY_PHASE_STRIP = NO;
				DEBUG_INFORMATION_FORMAT = "dwarf-with-dsym";
				ENABLE_NS_ASSERTIONS = NO;
				ENABLE_STRICT_OBJC_MSGSEND = YES;
				GCC_C_LANGUAGE_STANDARD = gnu99;
				GCC_NO_COMMON_BLOCKS = YES;
				GCC_WARN_64_TO_32_BIT_CONVERSION = YES;
				GCC_WARN_ABOUT_RETURN_TYPE = YES_ERROR;
				GCC_WARN_UNDECLARED_SELECTOR = YES;
				GCC_WARN_UNINITIALIZED_AUTOS = YES_AGGRESSIVE;
				GCC_WARN_UNUSED_FUNCTION = YES;
				GCC_WARN_UNUSED_VARIABLE = YES;
				IPHONEOS_DEPLOYMENT_TARGET = 8.4;
				MTL_ENABLE_DEBUG_INFO = NO;
				SDKROOT = iphoneos;
				VALIDATE_PRODUCT = YES;
			};
			name = Release;
		};
		3818F64F1B534AF1009D0B0E /* Debug */ = {
			isa = XCBuildConfiguration;
			baseConfigurationReference = EC0E19759D9EE0BC058A32D1 /* Pods.debug.xcconfig */;
			buildSettings = {
				ASSETCATALOG_COMPILER_APPICON_NAME = AppIcon;
				GCC_PRECOMPILE_PREFIX_HEADER = YES;
				GCC_PREFIX_HEADER = SDMasonryLearning/Prefix.pch;
				INFOPLIST_FILE = SDMasonryLearning/Info.plist;
				LD_RUNPATH_SEARCH_PATHS = "$(inherited) @executable_path/Frameworks";
				PRODUCT_NAME = "$(TARGET_NAME)";
			};
			name = Debug;
		};
		3818F6501B534AF1009D0B0E /* Release */ = {
			isa = XCBuildConfiguration;
			baseConfigurationReference = 5090974C686BA7A2705839DB /* Pods.release.xcconfig */;
			buildSettings = {
				ASSETCATALOG_COMPILER_APPICON_NAME = AppIcon;
				GCC_PRECOMPILE_PREFIX_HEADER = YES;
				GCC_PREFIX_HEADER = SDMasonryLearning/Prefix.pch;
				INFOPLIST_FILE = SDMasonryLearning/Info.plist;
				LD_RUNPATH_SEARCH_PATHS = "$(inherited) @executable_path/Frameworks";
				PRODUCT_NAME = "$(TARGET_NAME)";
			};
			name = Release;
		};
		3818F6521B534AF1009D0B0E /* Debug */ = {
			isa = XCBuildConfiguration;
			buildSettings = {
				BUNDLE_LOADER = "$(TEST_HOST)";
				FRAMEWORK_SEARCH_PATHS = (
					"$(SDKROOT)/Developer/Library/Frameworks",
					"$(inherited)",
				);
				GCC_PREPROCESSOR_DEFINITIONS = (
					"DEBUG=1",
					"$(inherited)",
				);
				INFOPLIST_FILE = SDMasonryLearningTests/Info.plist;
				LD_RUNPATH_SEARCH_PATHS = "$(inherited) @executable_path/Frameworks @loader_path/Frameworks";
				PRODUCT_NAME = "$(TARGET_NAME)";
				TEST_HOST = "$(BUILT_PRODUCTS_DIR)/SDMasonryLearning.app/SDMasonryLearning";
			};
			name = Debug;
		};
		3818F6531B534AF1009D0B0E /* Release */ = {
			isa = XCBuildConfiguration;
			buildSettings = {
				BUNDLE_LOADER = "$(TEST_HOST)";
				FRAMEWORK_SEARCH_PATHS = (
					"$(SDKROOT)/Developer/Library/Frameworks",
					"$(inherited)",
				);
				INFOPLIST_FILE = SDMasonryLearningTests/Info.plist;
				LD_RUNPATH_SEARCH_PATHS = "$(inherited) @executable_path/Frameworks @loader_path/Frameworks";
				PRODUCT_NAME = "$(TARGET_NAME)";
				TEST_HOST = "$(BUILT_PRODUCTS_DIR)/SDMasonryLearning.app/SDMasonryLearning";
			};
			name = Release;
		};
/* End XCBuildConfiguration section */

/* Begin XCConfigurationList section */
		3818F6261B534AF1009D0B0E /* Build configuration list for PBXProject "SDMasonryLearning" */ = {
			isa = XCConfigurationList;
			buildConfigurations = (
				3818F64C1B534AF1009D0B0E /* Debug */,
				3818F64D1B534AF1009D0B0E /* Release */,
			);
			defaultConfigurationIsVisible = 0;
			defaultConfigurationName = Release;
		};
		3818F64E1B534AF1009D0B0E /* Build configuration list for PBXNativeTarget "SDMasonryLearning" */ = {
			isa = XCConfigurationList;
			buildConfigurations = (
				3818F64F1B534AF1009D0B0E /* Debug */,
				3818F6501B534AF1009D0B0E /* Release */,
			);
			defaultConfigurationIsVisible = 0;
			defaultConfigurationName = Release;
		};
		3818F6511B534AF1009D0B0E /* Build configuration list for PBXNativeTarget "SDMasonryLearningTests" */ = {
			isa = XCConfigurationList;
			buildConfigurations = (
				3818F6521B534AF1009D0B0E /* Debug */,
				3818F6531B534AF1009D0B0E /* Release */,
			);
			defaultConfigurationIsVisible = 0;
			defaultConfigurationName = Release;
		};
/* End XCConfigurationList section */
	};
	rootObject = 3818F6231B534AF1009D0B0E /* Project object */;
}
